
Microsoft Visual Studio Solution File, Format Version 12.00
# Visual Studio Version 17
VisualStudioVersion = 17.0.32112.339
MinimumVisualStudioVersion = 10.0.40219.1
Project("{FAE04EC0-301F-11D3-BF4B-00C04F79EFBC}") = "Pastane", "Pastane\Pastane.csproj", "{A18B735F-5AE9-4597-8245-0C58199C2C04}"
EndProject
Global
	GlobalSection(SolutionConfigurationPlatforms) = preSolution
		Debug|Any CPU = Debug|Any CPU
		Release|Any CPU = Release|Any CPU
	EndGlobalSection
	GlobalSection(ProjectConfigurationPlatforms) = postSolution
		{A18B735F-5AE9-4597-8245-0C58199C2C04}.Debug|Any CPU.ActiveCfg = Debug|Any CPU
		{A18B735F-5AE9-4597-8245-0C58199C2C04}.Debug|Any CPU.Build.0 = Debug|Any CPU
		{A18B735F-5AE9-4597-8245-0C58199C2C04}.Release|Any CPU.ActiveCfg = Release|Any CPU
		{A18B735F-5AE9-4597-8245-0C58199C2C04}.Release|Any CPU.Build.0 = Release|Any CPU
	EndGlobalSection
	GlobalSection(SolutionProperties) = preSolution
		HideSolutionNode = FALSE
	EndGlobalSection
	GlobalSection(ExtensibilityGlobals) = postSolution
		SolutionGuid = {E0B81295-94CC-460D-BF1B-B0DE112D61BB}
	EndGlobalSection
EndGlobal
